
Microsoft Visual Studio Solution File, Format Version 12.00
# Visual Studio 15
VisualStudioVersion = 15.0.26403.3
MinimumVisualStudioVersion = 10.0.40219.1
Project("{FAE04EC0-301F-11D3-BF4B-00C04F79EFBC}") = "Passagner.Api", "Passagner.Api\Passagner.Api.csproj", "{C8A626F9-BD1E-43BD-9A90-BB1072286BA7}"
EndProject
Project("{FAE04EC0-301F-11D3-BF4B-00C04F79EFBC}") = "Passanger.Core", "Passanger.Core\Passanger.Core.csproj", "{352925DB-7696-45C4-B95D-ED6685A5CA78}"
EndProject
Project("{FAE04EC0-301F-11D3-BF4B-00C04F79EFBC}") = "Passanger.Infrastracture", "Passanger.Infrastracture\Passanger.Infrastracture.csproj", "{D70D6DFC-E8F3-4BCB-AE05-D1123A876CC5}"
EndProject
Project("{FAE04EC0-301F-11D3-BF4B-00C04F79EFBC}") = "Passanger.Tests", "Passanger.Tests\Passanger.Tests.csproj", "{01FBCB6D-FE88-4F86-A83A-E42727538BF9}"
EndProject
Global
	GlobalSection(SolutionConfigurationPlatforms) = preSolution
		Debug|Any CPU = Debug|Any CPU
		Release|Any CPU = Release|Any CPU
	EndGlobalSection
	GlobalSection(ProjectConfigurationPlatforms) = postSolution
		{C8A626F9-BD1E-43BD-9A90-BB1072286BA7}.Debug|Any CPU.ActiveCfg = Debug|Any CPU
		{C8A626F9-BD1E-43BD-9A90-BB1072286BA7}.Debug|Any CPU.Build.0 = Debug|Any CPU
		{C8A626F9-BD1E-43BD-9A90-BB1072286BA7}.Release|Any CPU.ActiveCfg = Release|Any CPU
		{C8A626F9-BD1E-43BD-9A90-BB1072286BA7}.Release|Any CPU.Build.0 = Release|Any CPU
		{352925DB-7696-45C4-B95D-ED6685A5CA78}.Debug|Any CPU.ActiveCfg = Debug|Any CPU
		{352925DB-7696-45C4-B95D-ED6685A5CA78}.Debug|Any CPU.Build.0 = Debug|Any CPU
		{352925DB-7696-45C4-B95D-ED6685A5CA78}.Release|Any CPU.ActiveCfg = Release|Any CPU
		{352925DB-7696-45C4-B95D-ED6685A5CA78}.Release|Any CPU.Build.0 = Release|Any CPU
		{D70D6DFC-E8F3-4BCB-AE05-D1123A876CC5}.Debug|Any CPU.ActiveCfg = Debug|Any CPU
		{D70D6DFC-E8F3-4BCB-AE05-D1123A876CC5}.Debug|Any CPU.Build.0 = Debug|Any CPU
		{D70D6DFC-E8F3-4BCB-AE05-D1123A876CC5}.Release|Any CPU.ActiveCfg = Release|Any CPU
		{D70D6DFC-E8F3-4BCB-AE05-D1123A876CC5}.Release|Any CPU.Build.0 = Release|Any CPU
		{01FBCB6D-FE88-4F86-A83A-E42727538BF9}.Debug|Any CPU.ActiveCfg = Debug|Any CPU
		{01FBCB6D-FE88-4F86-A83A-E42727538BF9}.Debug|Any CPU.Build.0 = Debug|Any CPU
		{01FBCB6D-FE88-4F86-A83A-E42727538BF9}.Release|Any CPU.ActiveCfg = Release|Any CPU
		{01FBCB6D-FE88-4F86-A83A-E42727538BF9}.Release|Any CPU.Build.0 = Release|Any CPU
	EndGlobalSection
	GlobalSection(SolutionProperties) = preSolution
		HideSolutionNode = FALSE
	EndGlobalSection
EndGlobal
